
Microsoft Visual Studio Solution File, Format Version 12.00
# Visual Studio Version 16
VisualStudioVersion = 16.0.30225.117
MinimumVisualStudioVersion = 10.0.40219.1
Project("{8BC9CEB8-8B4A-11D0-8D11-00A0C91BC942}") = "Tema2", "Tema2\Tema2.vcxproj", "{4BFBBF15-F20D-4B2E-9E8A-E7891B67F0B0}"
EndProject
Project("{8BC9CEB8-8B4A-11D0-8D11-00A0C91BC942}") = "Tema3", "Tema3\Tema3.vcxproj", "{45B8BFBB-183C-4793-941A-E547F9E18195}"
EndProject
Project("{8BC9CEB8-8B4A-11D0-8D11-00A0C91BC942}") = "Tema4", "Tema4\Tema4.vcxproj", "{05B85663-EA55-4D11-BC25-D50F23F911B5}"
EndProject
Project("{8BC9CEB8-8B4A-11D0-8D11-00A0C91BC942}") = "Tema1", "Tema1\Tema1.vcxproj", "{A7320343-A1AA-429A-AC7B-B9ABA0DFCA78}"
EndProject
Project("{8BC9CEB8-8B4A-11D0-8D11-00A0C91BC942}") = "Tema6A", "Tema6A\Tema6A.vcxproj", "{9CE3318A-1BE8-4D1B-B268-187DD3C72F3D}"
EndProject
Project("{8BC9CEB8-8B4A-11D0-8D11-00A0C91BC942}") = "Tema6N", "Tema6N\Tema6N.vcxproj", "{2938DC7D-721A-498F-BA9E-ECEF975F6A17}"
EndProject
Project("{8BC9CEB8-8B4A-11D0-8D11-00A0C91BC942}") = "Tema6.1", "Tema6.1\Tema6.1.vcxproj", "{21CF8B60-4FF2-44B1-9D53-FC2299C3B842}"
EndProject
Project("{8BC9CEB8-8B4A-11D0-8D11-00A0C91BC942}") = "Tema6.2", "Tema6.2\Tema6.2.vcxproj", "{054D4C15-B063-4CAA-8DC3-C638247F6110}"
EndProject
Project("{8BC9CEB8-8B4A-11D0-8D11-00A0C91BC942}") = "Tema6.3", "Tema6.3\Tema6.3.vcxproj", "{A448E4F7-94E7-4C7B-9080-A0D23F3BB4E8}"
EndProject
Project("{8BC9CEB8-8B4A-11D0-8D11-00A0C91BC942}") = "Tema7.1", "Tema7.1\Tema7.1.vcxproj", "{B8C86BC6-9EA2-413A-905C-D5D2691F412C}"
EndProject
Project("{8BC9CEB8-8B4A-11D0-8D11-00A0C91BC942}") = "Tema7.2", "Tema7.2\Tema7.2.vcxproj", "{62B2EAF8-A0E9-4634-BA05-F20AE53D91BB}"
EndProject
Project("{8BC9CEB8-8B4A-11D0-8D11-00A0C91BC942}") = "Tema7.3", "Tema7.3\Tema7.3.vcxproj", "{7F7515C8-9030-4329-96BF-AABC8BD670D9}"
EndProject
Project("{8BC9CEB8-8B4A-11D0-8D11-00A0C91BC942}") = "Tema7", "Tema7\Tema7.vcxproj", "{BE198809-A2CD-45C4-80F1-F3F535B0E6D2}"
EndProject
Project("{8BC9CEB8-8B4A-11D0-8D11-00A0C91BC942}") = "Tema8", "Tema8\Tema8.vcxproj", "{D04B2058-3D3F-45A7-815A-BBB56D01C345}"
EndProject
Project("{8BC9CEB8-8B4A-11D0-8D11-00A0C91BC942}") = "Tema5", "Tema5\Tema5.vcxproj", "{5B7F3D4E-4BE3-42C1-9708-5FC728A8CCDB}"
EndProject
Project("{8BC9CEB8-8B4A-11D0-8D11-00A0C91BC942}") = "Tema9", "Tema9\Tema9.vcxproj", "{E8585415-226D-4BA8-BB16-6810A208C3A9}"
EndProject
Project("{8BC9CEB8-8B4A-11D0-8D11-00A0C91BC942}") = "Tema10", "Tema10\Tema10.vcxproj", "{0A20A295-E1D5-406E-9F93-D33A14A0EC9C}"
EndProject
Project("{8BC9CEB8-8B4A-11D0-8D11-00A0C91BC942}") = "Tema11.1", "Tema11.1\Tema11.1.vcxproj", "{F3DAB4DE-6CBC-49BC-B154-CA811BD6B80B}"
EndProject
Project("{8BC9CEB8-8B4A-11D0-8D11-00A0C91BC942}") = "Tema11.2", "Tema11.2\Tema11.2.vcxproj", "{A590D869-1449-49B5-8153-85347A41EBE5}"
EndProject
Global
	GlobalSection(SolutionConfigurationPlatforms) = preSolution
		Debug|x64 = Debug|x64
		Debug|x86 = Debug|x86
		Release|x64 = Release|x64
		Release|x86 = Release|x86
	EndGlobalSection
	GlobalSection(ProjectConfigurationPlatforms) = postSolution
		{4BFBBF15-F20D-4B2E-9E8A-E7891B67F0B0}.Debug|x64.ActiveCfg = Debug|x64
		{4BFBBF15-F20D-4B2E-9E8A-E7891B67F0B0}.Debug|x64.Build.0 = Debug|x64
		{4BFBBF15-F20D-4B2E-9E8A-E7891B67F0B0}.Debug|x86.ActiveCfg = Debug|Win32
		{4BFBBF15-F20D-4B2E-9E8A-E7891B67F0B0}.Debug|x86.Build.0 = Debug|Win32
		{4BFBBF15-F20D-4B2E-9E8A-E7891B67F0B0}.Release|x64.ActiveCfg = Release|x64
		{4BFBBF15-F20D-4B2E-9E8A-E7891B67F0B0}.Release|x64.Build.0 = Release|x64
		{4BFBBF15-F20D-4B2E-9E8A-E7891B67F0B0}.Release|x86.ActiveCfg = Release|Win32
		{4BFBBF15-F20D-4B2E-9E8A-E7891B67F0B0}.Release|x86.Build.0 = Release|Win32
		{45B8BFBB-183C-4793-941A-E547F9E18195}.Debug|x64.ActiveCfg = Debug|x64
		{45B8BFBB-183C-4793-941A-E547F9E18195}.Debug|x64.Build.0 = Debug|x64
		{45B8BFBB-183C-4793-941A-E547F9E18195}.Debug|x86.ActiveCfg = Debug|Win32
		{45B8BFBB-183C-4793-941A-E547F9E18195}.Debug|x86.Build.0 = Debug|Win32
		{45B8BFBB-183C-4793-941A-E547F9E18195}.Release|x64.ActiveCfg = Release|x64
		{45B8BFBB-183C-4793-941A-E547F9E18195}.Release|x64.Build.0 = Release|x64
		{45B8BFBB-183C-4793-941A-E547F9E18195}.Release|x86.ActiveCfg = Release|Win32
		{45B8BFBB-183C-4793-941A-E547F9E18195}.Release|x86.Build.0 = Release|Win32
		{05B85663-EA55-4D11-BC25-D50F23F911B5}.Debug|x64.ActiveCfg = Debug|x64
		{05B85663-EA55-4D11-BC25-D50F23F911B5}.Debug|x64.Build.0 = Debug|x64
		{05B85663-EA55-4D11-BC25-D50F23F911B5}.Debug|x86.ActiveCfg = Debug|Win32
		{05B85663-EA55-4D11-BC25-D50F23F911B5}.Debug|x86.Build.0 = Debug|Win32
		{05B85663-EA55-4D11-BC25-D50F23F911B5}.Release|x64.ActiveCfg = Release|x64
		{05B85663-EA55-4D11-BC25-D50F23F911B5}.Release|x64.Build.0 = Release|x64
		{05B85663-EA55-4D11-BC25-D50F23F911B5}.Release|x86.ActiveCfg = Release|Win32
		{05B85663-EA55-4D11-BC25-D50F23F911B5}.Release|x86.Build.0 = Release|Win32
		{A7320343-A1AA-429A-AC7B-B9ABA0DFCA78}.Debug|x64.ActiveCfg = Debug|x64
		{A7320343-A1AA-429A-AC7B-B9ABA0DFCA78}.Debug|x64.Build.0 = Debug|x64
		{A7320343-A1AA-429A-AC7B-B9ABA0DFCA78}.Debug|x86.ActiveCfg = Debug|Win32
		{A7320343-A1AA-429A-AC7B-B9ABA0DFCA78}.Debug|x86.Build.0 = Debug|Win32
		{A7320343-A1AA-429A-AC7B-B9ABA0DFCA78}.Release|x64.ActiveCfg = Release|x64
		{A7320343-A1AA-429A-AC7B-B9ABA0DFCA78}.Release|x64.Build.0 = Release|x64
		{A7320343-A1AA-429A-AC7B-B9ABA0DFCA78}.Release|x86.ActiveCfg = Release|Win32
		{A7320343-A1AA-429A-AC7B-B9ABA0DFCA78}.Release|x86.Build.0 = Release|Win32
		{9CE3318A-1BE8-4D1B-B268-187DD3C72F3D}.Debug|x64.ActiveCfg = Debug|x64
		{9CE3318A-1BE8-4D1B-B268-187DD3C72F3D}.Debug|x64.Build.0 = Debug|x64
		{9CE3318A-1BE8-4D1B-B268-187DD3C72F3D}.Debug|x86.ActiveCfg = Debug|Win32
		{9CE3318A-1BE8-4D1B-B268-187DD3C72F3D}.Debug|x86.Build.0 = Debug|Win32
		{9CE3318A-1BE8-4D1B-B268-187DD3C72F3D}.Release|x64.ActiveCfg = Release|x64
		{9CE3318A-1BE8-4D1B-B268-187DD3C72F3D}.Release|x64.Build.0 = Release|x64
		{9CE3318A-1BE8-4D1B-B268-187DD3C72F3D}.Release|x86.ActiveCfg = Release|Win32
		{9CE3318A-1BE8-4D1B-B268-187DD3C72F3D}.Release|x86.Build.0 = Release|Win32
		{2938DC7D-721A-498F-BA9E-ECEF975F6A17}.Debug|x64.ActiveCfg = Debug|x64
		{2938DC7D-721A-498F-BA9E-ECEF975F6A17}.Debug|x64.Build.0 = Debug|x64
		{2938DC7D-721A-498F-BA9E-ECEF975F6A17}.Debug|x86.ActiveCfg = Debug|Win32
		{2938DC7D-721A-498F-BA9E-ECEF975F6A17}.Debug|x86.Build.0 = Debug|Win32
		{2938DC7D-721A-498F-BA9E-ECEF975F6A17}.Release|x64.ActiveCfg = Release|x64
		{2938DC7D-721A-498F-BA9E-ECEF975F6A17}.Release|x64.Build.0 = Release|x64
		{2938DC7D-721A-498F-BA9E-ECEF975F6A17}.Release|x86.ActiveCfg = Release|Win32
		{2938DC7D-721A-498F-BA9E-ECEF975F6A17}.Release|x86.Build.0 = Release|Win32
		{21CF8B60-4FF2-44B1-9D53-FC2299C3B842}.Debug|x64.ActiveCfg = Debug|x64
		{21CF8B60-4FF2-44B1-9D53-FC2299C3B842}.Debug|x64.Build.0 = Debug|x64
		{21CF8B60-4FF2-44B1-9D53-FC2299C3B842}.Debug|x86.ActiveCfg = Debug|Win32
		{21CF8B60-4FF2-44B1-9D53-FC2299C3B842}.Debug|x86.Build.0 = Debug|Win32
		{21CF8B60-4FF2-44B1-9D53-FC2299C3B842}.Release|x64.ActiveCfg = Release|x64
		{21CF8B60-4FF2-44B1-9D53-FC2299C3B842}.Release|x64.Build.0 = Release|x64
		{21CF8B60-4FF2-44B1-9D53-FC2299C3B842}.Release|x86.ActiveCfg = Release|Win32
		{21CF8B60-4FF2-44B1-9D53-FC2299C3B842}.Release|x86.Build.0 = Release|Win32
		{054D4C15-B063-4CAA-8DC3-C638247F6110}.Debug|x64.ActiveCfg = Debug|x64
		{054D4C15-B063-4CAA-8DC3-C638247F6110}.Debug|x64.Build.0 = Debug|x64
		{054D4C15-B063-4CAA-8DC3-C638247F6110}.Debug|x86.ActiveCfg = Debug|Win32
		{054D4C15-B063-4CAA-8DC3-C638247F6110}.Debug|x86.Build.0 = Debug|Win32
		{054D4C15-B063-4CAA-8DC3-C638247F6110}.Release|x64.ActiveCfg = Release|x64
		{054D4C15-B063-4CAA-8DC3-C638247F6110}.Release|x64.Build.0 = Release|x64
		{054D4C15-B063-4CAA-8DC3-C638247F6110}.Release|x86.ActiveCfg = Release|Win32
		{054D4C15-B063-4CAA-8DC3-C638247F6110}.Release|x86.Build.0 = Release|Win32
		{A448E4F7-94E7-4C7B-9080-A0D23F3BB4E8}.Debug|x64.ActiveCfg = Debug|x64
		{A448E4F7-94E7-4C7B-9080-A0D23F3BB4E8}.Debug|x64.Build.0 = Debug|x64
		{A448E4F7-94E7-4C7B-9080-A0D23F3BB4E8}.Debug|x86.ActiveCfg = Debug|Win32
		{A448E4F7-94E7-4C7B-9080-A0D23F3BB4E8}.Debug|x86.Build.0 = Debug|Win32
		{A448E4F7-94E7-4C7B-9080-A0D23F3BB4E8}.Release|x64.ActiveCfg = Release|x64
		{A448E4F7-94E7-4C7B-9080-A0D23F3BB4E8}.Release|x64.Build.0 = Release|x64
		{A448E4F7-94E7-4C7B-9080-A0D23F3BB4E8}.Release|x86.ActiveCfg = Release|Win32
		{A448E4F7-94E7-4C7B-9080-A0D23F3BB4E8}.Release|x86.Build.0 = Release|Win32
		{B8C86BC6-9EA2-413A-905C-D5D2691F412C}.Debug|x64.ActiveCfg = Debug|x64
		{B8C86BC6-9EA2-413A-905C-D5D2691F412C}.Debug|x64.Build.0 = Debug|x64
		{B8C86BC6-9EA2-413A-905C-D5D2691F412C}.Debug|x86.ActiveCfg = Debug|Win32
		{B8C86BC6-9EA2-413A-905C-D5D2691F412C}.Debug|x86.Build.0 = Debug|Win32
		{B8C86BC6-9EA2-413A-905C-D5D2691F412C}.Release|x64.ActiveCfg = Release|x64
		{B8C86BC6-9EA2-413A-905C-D5D2691F412C}.Release|x64.Build.0 = Release|x64
		{B8C86BC6-9EA2-413A-905C-D5D2691F412C}.Release|x86.ActiveCfg = Release|Win32
		{B8C86BC6-9EA2-413A-905C-D5D2691F412C}.Release|x86.Build.0 = Release|Win32
		{62B2EAF8-A0E9-4634-BA05-F20AE53D91BB}.Debug|x64.ActiveCfg = Debug|x64
		{62B2EAF8-A0E9-4634-BA05-F20AE53D91BB}.Debug|x64.Build.0 = Debug|x64
		{62B2EAF8-A0E9-4634-BA05-F20AE53D91BB}.Debug|x86.ActiveCfg = Debug|Win32
		{62B2EAF8-A0E9-4634-BA05-F20AE53D91BB}.Debug|x86.Build.0 = Debug|Win32
		{62B2EAF8-A0E9-4634-BA05-F20AE53D91BB}.Release|x64.ActiveCfg = Release|x64
		{62B2EAF8-A0E9-4634-BA05-F20AE53D91BB}.Release|x64.Build.0 = Release|x64
		{62B2EAF8-A0E9-4634-BA05-F20AE53D91BB}.Release|x86.ActiveCfg = Release|Win32
		{62B2EAF8-A0E9-4634-BA05-F20AE53D91BB}.Release|x86.Build.0 = Release|Win32
		{7F7515C8-9030-4329-96BF-AABC8BD670D9}.Debug|x64.ActiveCfg = Debug|x64
		{7F7515C8-9030-4329-96BF-AABC8BD670D9}.Debug|x64.Build.0 = Debug|x64
		{7F7515C8-9030-4329-96BF-AABC8BD670D9}.Debug|x86.ActiveCfg = Debug|Win32
		{7F7515C8-9030-4329-96BF-AABC8BD670D9}.Debug|x86.Build.0 = Debug|Win32
		{7F7515C8-9030-4329-96BF-AABC8BD670D9}.Release|x64.ActiveCfg = Release|x64
		{7F7515C8-9030-4329-96BF-AABC8BD670D9}.Release|x64.Build.0 = Release|x64
		{7F7515C8-9030-4329-96BF-AABC8BD670D9}.Release|x86.ActiveCfg = Release|Win32
		{7F7515C8-9030-4329-96BF-AABC8BD670D9}.Release|x86.Build.0 = Release|Win32
		{BE198809-A2CD-45C4-80F1-F3F535B0E6D2}.Debug|x64.ActiveCfg = Debug|x64
		{BE198809-A2CD-45C4-80F1-F3F535B0E6D2}.Debug|x64.Build.0 = Debug|x64
		{BE198809-A2CD-45C4-80F1-F3F535B0E6D2}.Debug|x86.ActiveCfg = Debug|Win32
		{BE198809-A2CD-45C4-80F1-F3F535B0E6D2}.Debug|x86.Build.0 = Debug|Win32
		{BE198809-A2CD-45C4-80F1-F3F535B0E6D2}.Release|x64.ActiveCfg = Release|x64
		{BE198809-A2CD-45C4-80F1-F3F535B0E6D2}.Release|x64.Build.0 = Release|x64
		{BE198809-A2CD-45C4-80F1-F3F535B0E6D2}.Release|x86.ActiveCfg = Release|Win32
		{BE198809-A2CD-45C4-80F1-F3F535B0E6D2}.Release|x86.Build.0 = Release|Win32
		{D04B2058-3D3F-45A7-815A-BBB56D01C345}.Debug|x64.ActiveCfg = Debug|x64
		{D04B2058-3D3F-45A7-815A-BBB56D01C345}.Debug|x64.Build.0 = Debug|x64
		{D04B2058-3D3F-45A7-815A-BBB56D01C345}.Debug|x86.ActiveCfg = Debug|Win32
		{D04B2058-3D3F-45A7-815A-BBB56D01C345}.Debug|x86.Build.0 = Debug|Win32
		{D04B2058-3D3F-45A7-815A-BBB56D01C345}.Release|x64.ActiveCfg = Release|x64
		{D04B2058-3D3F-45A7-815A-BBB56D01C345}.Release|x64.Build.0 = Release|x64
		{D04B2058-3D3F-45A7-815A-BBB56D01C345}.Release|x86.ActiveCfg = Release|Win32
		{D04B2058-3D3F-45A7-815A-BBB56D01C345}.Release|x86.Build.0 = Release|Win32
		{5B7F3D4E-4BE3-42C1-9708-5FC728A8CCDB}.Debug|x64.ActiveCfg = Debug|x64
		{5B7F3D4E-4BE3-42C1-9708-5FC728A8CCDB}.Debug|x64.Build.0 = Debug|x64
		{5B7F3D4E-4BE3-42C1-9708-5FC728A8CCDB}.Debug|x86.ActiveCfg = Debug|Win32
		{5B7F3D4E-4BE3-42C1-9708-5FC728A8CCDB}.Debug|x86.Build.0 = Debug|Win32
		{5B7F3D4E-4BE3-42C1-9708-5FC728A8CCDB}.Release|x64.ActiveCfg = Release|x64
		{5B7F3D4E-4BE3-42C1-9708-5FC728A8CCDB}.Release|x64.Build.0 = Release|x64
		{5B7F3D4E-4BE3-42C1-9708-5FC728A8CCDB}.Release|x86.ActiveCfg = Release|Win32
		{5B7F3D4E-4BE3-42C1-9708-5FC728A8CCDB}.Release|x86.Build.0 = Release|Win32
		{E8585415-226D-4BA8-BB16-6810A208C3A9}.Debug|x64.ActiveCfg = Debug|x64
		{E8585415-226D-4BA8-BB16-6810A208C3A9}.Debug|x64.Build.0 = Debug|x64
		{E8585415-226D-4BA8-BB16-6810A208C3A9}.Debug|x86.ActiveCfg = Debug|Win32
		{E8585415-226D-4BA8-BB16-6810A208C3A9}.Debug|x86.Build.0 = Debug|Win32
		{E8585415-226D-4BA8-BB16-6810A208C3A9}.Release|x64.ActiveCfg = Release|x64
		{E8585415-226D-4BA8-BB16-6810A208C3A9}.Release|x64.Build.0 = Release|x64
		{E8585415-226D-4BA8-BB16-6810A208C3A9}.Release|x86.ActiveCfg = Release|Win32
		{E8585415-226D-4BA8-BB16-6810A208C3A9}.Release|x86.Build.0 = Release|Win32
		{0A20A295-E1D5-406E-9F93-D33A14A0EC9C}.Debug|x64.ActiveCfg = Debug|x64
		{0A20A295-E1D5-406E-9F93-D33A14A0EC9C}.Debug|x64.Build.0 = Debug|x64
		{0A20A295-E1D5-406E-9F93-D33A14A0EC9C}.Debug|x86.ActiveCfg = Debug|Win32
		{0A20A295-E1D5-406E-9F93-D33A14A0EC9C}.Debug|x86.Build.0 = Debug|Win32
		{0A20A295-E1D5-406E-9F93-D33A14A0EC9C}.Release|x64.ActiveCfg = Release|x64
		{0A20A295-E1D5-406E-9F93-D33A14A0EC9C}.Release|x64.Build.0 = Release|x64
		{0A20A295-E1D5-406E-9F93-D33A14A0EC9C}.Release|x86.ActiveCfg = Release|Win32
		{0A20A295-E1D5-406E-9F93-D33A14A0EC9C}.Release|x86.Build.0 = Release|Win32
		{F3DAB4DE-6CBC-49BC-B154-CA811BD6B80B}.Debug|x64.ActiveCfg = Debug|x64
		{F3DAB4DE-6CBC-49BC-B154-CA811BD6B80B}.Debug|x64.Build.0 = Debug|x64
		{F3DAB4DE-6CBC-49BC-B154-CA811BD6B80B}.Debug|x86.ActiveCfg = Debug|Win32
		{F3DAB4DE-6CBC-49BC-B154-CA811BD6B80B}.Debug|x86.Build.0 = Debug|Win32
		{F3DAB4DE-6CBC-49BC-B154-CA811BD6B80B}.Release|x64.ActiveCfg = Release|x64
		{F3DAB4DE-6CBC-49BC-B154-CA811BD6B80B}.Release|x64.Build.0 = Release|x64
		{F3DAB4DE-6CBC-49BC-B154-CA811BD6B80B}.Release|x86.ActiveCfg = Release|Win32
		{F3DAB4DE-6CBC-49BC-B154-CA811BD6B80B}.Release|x86.Build.0 = Release|Win32
		{A590D869-1449-49B5-8153-85347A41EBE5}.Debug|x64.ActiveCfg = Debug|x64
		{A590D869-1449-49B5-8153-85347A41EBE5}.Debug|x64.Build.0 = Debug|x64
		{A590D869-1449-49B5-8153-85347A41EBE5}.Debug|x86.ActiveCfg = Debug|Win32
		{A590D869-1449-49B5-8153-85347A41EBE5}.Debug|x86.Build.0 = Debug|Win32
		{A590D869-1449-49B5-8153-85347A41EBE5}.Release|x64.ActiveCfg = Release|x64
		{A590D869-1449-49B5-8153-85347A41EBE5}.Release|x64.Build.0 = Release|x64
		{A590D869-1449-49B5-8153-85347A41EBE5}.Release|x86.ActiveCfg = Release|Win32
		{A590D869-1449-49B5-8153-85347A41EBE5}.Release|x86.Build.0 = Release|Win32
	EndGlobalSection
	GlobalSection(SolutionProperties) = preSolution
		HideSolutionNode = FALSE
	EndGlobalSection
	GlobalSection(ExtensibilityGlobals) = postSolution
		SolutionGuid = {1ABFF43B-A3CF-4215-BE01-E0A93D6804E5}
	EndGlobalSection
EndGlobal
